{
  "name": "laundry1.0",
  "version": "1.0.0",
  "lockfileVersion": 1,
  "requires": true,
  "dependencies": {
    "@types/body-parser": {
      "version": "1.16.7",
      "resolved": "https://registry.npmjs.org/@types/body-parser/-/body-parser-1.16.7.tgz",
      "integrity": "sha512-Obn1/GG0sYsnlAlhhSR1hvYRGBpQT+fzSi2IlGN8emCE4iu6f6xIjaq499B1sa7N9iBLzxyOUBo5bzgJd16BvA==",
      "requires": {
        "@types/express": "4.0.39",
        "@types/node": "8.0.47"
      }
    },
    "@types/express": {
      "version": "4.0.39",
      "resolved": "https://registry.npmjs.org/@types/express/-/express-4.0.39.tgz",
      "integrity": "sha512-dBUam7jEjyuEofigUXCtublUHknRZvcRgITlGsTbFgPvnTwtQUt2NgLakbsf+PsGo/Nupqr3IXCYsOpBpofyrA==",
      "requires": {
        "@types/body-parser": "1.16.7",
        "@types/express-serve-static-core": "4.0.55",
        "@types/serve-static": "1.13.0"
      }
    },
    "@types/express-serve-static-core": {
      "version": "4.0.55",
      "resolved": "https://registry.npmjs.org/@types/express-serve-static-core/-/express-serve-static-core-4.0.55.tgz",
      "integrity": "sha512-sDFubLXpgiluVW+2txOp877cQp7FyWYB9eMJTm3oAsX4HlGqIKiPcNpJq5XDKCTOMuVbnNMALYmayaj9KlRntg==",
      "requires": {
        "@types/node": "8.0.47"
      }
    },
    "@types/mime": {
      "version": "2.0.0",
      "resolved": "https://registry.npmjs.org/@types/mime/-/mime-2.0.0.tgz",
      "integrity": "sha512-A2TAGbTFdBw9azHbpVd+/FkdW2T6msN1uct1O9bH3vTerEHKZhTXJUQXy+hNq1B0RagfU8U+KBdqiZpxjhOUQA=="
    },
    "@types/node": {
      "version": "8.0.47",
      "resolved": "https://registry.npmjs.org/@types/node/-/node-8.0.47.tgz",
      "integrity": "sha512-kOwL746WVvt/9Phf6/JgX/bsGQvbrK5iUgzyfwZNcKVFcjAUVSpF9HxevLTld2SG9aywYHOILj38arDdY1r/iQ=="
    },
    "@types/serve-static": {
      "version": "1.13.0",
      "resolved": "https://registry.npmjs.org/@types/serve-static/-/serve-static-1.13.0.tgz",
      "integrity": "sha512-wvQkePwCDZoyQPGb64DTl2TEeLw54CQFXjY+tznxYYxNcBb4LG40ezoVbMDa0epwE4yogB0f42jCaH0356x5Mg==",
      "requires": {
        "@types/express-serve-static-core": "4.0.55",
        "@types/mime": "2.0.0"
      }
    },
    "accepts": {
      "version": "1.3.4",
      "resolved": "https://registry.npmjs.org/accepts/-/accepts-1.3.4.tgz",
      "integrity": "sha1-hiRnWMfdbSGmR0/whKR0DsBesh8=",
      "requires": {
        "mime-types": "2.1.17",
        "negotiator": "0.6.1"
      }
    },
    "agent-base": {
      "version": "2.1.1",
      "resolved": "https://registry.npmjs.org/agent-base/-/agent-base-2.1.1.tgz",
      "integrity": "sha1-1t4Q1a9hMtW9aSQn1G/FOFOQlMc=",
      "requires": {
        "extend": "3.0.1",
        "semver": "5.0.3"
      },
      "dependencies": {
        "semver": {
          "version": "5.0.3",
          "resolved": "https://registry.npmjs.org/semver/-/semver-5.0.3.tgz",
          "integrity": "sha1-d0Zt5YnNXTyV8TiqeLxWmjy10no="
        }
      }
    },
    "array-flatten": {
      "version": "1.1.1",
      "resolved": "https://registry.npmjs.org/array-flatten/-/array-flatten-1.1.1.tgz",
      "integrity": "sha1-ml9pkFGx5wczKPKgCJaLZOopVdI="
    },
    "ast-types": {
      "version": "0.10.1",
      "resolved": "https://registry.npmjs.org/ast-types/-/ast-types-0.10.1.tgz",
      "integrity": "sha512-UY7+9DPzlJ9VM8eY0b2TUZcZvF+1pO0hzMtAyjBYKhOmnvRlqYNYnWdtsMj0V16CGaMlpL0G1jnLbLo4AyotuQ=="
    },
    "asynckit": {
      "version": "0.4.0",
      "resolved": "https://registry.npmjs.org/asynckit/-/asynckit-0.4.0.tgz",
      "integrity": "sha1-x57Zf380y48robyXkLzDZkdLS3k="
    },
    "aws-sdk": {
      "version": "2.167.0",
      "resolved": "https://registry.npmjs.org/aws-sdk/-/aws-sdk-2.167.0.tgz",
      "integrity": "sha1-8gff9/fpp4g9O2m9IlE0RJaKNr0=",
      "requires": {
        "buffer": "4.9.1",
        "crypto-browserify": "1.0.9",
        "events": "1.1.1",
        "jmespath": "0.15.0",
        "querystring": "0.2.0",
        "sax": "1.2.1",
        "url": "0.10.3",
        "uuid": "3.1.0",
        "xml2js": "0.4.17",
        "xmlbuilder": "4.2.1"
      }
    },
    "base-x": {
      "version": "1.1.0",
      "resolved": "https://registry.npmjs.org/base-x/-/base-x-1.1.0.tgz",
      "integrity": "sha1-QtPXF0dPnqAiB/bRqh9CaRPut6w="
    },
    "base64-js": {
      "version": "1.2.1",
      "resolved": "https://registry.npmjs.org/base64-js/-/base64-js-1.2.1.tgz",
      "integrity": "sha512-dwVUVIXsBZXwTuwnXI9RK8sBmgq09NDHzyR9SAph9eqk76gKK2JSQmZARC2zRC81JC2QTtxD0ARU5qTS25gIGw=="
    },
    "base64url": {
      "version": "2.0.0",
      "resolved": "https://registry.npmjs.org/base64url/-/base64url-2.0.0.tgz",
      "integrity": "sha1-6sFuA+oUOO/5Qj1puqNiYu0fcLs="
    },
    "better-sqlite3": {
      "version": "4.1.0",
      "resolved": "https://registry.npmjs.org/better-sqlite3/-/better-sqlite3-4.1.0.tgz",
      "integrity": "sha512-IYcH1F14DfdIzDzSg7TF+0b+GpYmf6UFgV0ZWsaaczy548/S5LFMkYeKHl8EAOQQb1mSHt0lkJA0BGHMRwGOcg==",
      "requires": {
        "bindings": "1.3.0",
        "integer": "1.0.3",
        "lzz-gyp": "0.4.2"
      }
    },
    "bignumber.js": {
      "version": "4.1.0",
      "resolved": "https://registry.npmjs.org/bignumber.js/-/bignumber.js-4.1.0.tgz",
      "integrity": "sha512-eJzYkFYy9L4JzXsbymsFn3p54D+llV27oTQ+ziJG7WFRheJcNZilgVXMG0LoZtlQSKBsJdWtLFqOD0u+U0jZKA=="
    },
    "bindings": {
      "version": "1.3.0",
      "resolved": "https://registry.npmjs.org/bindings/-/bindings-1.3.0.tgz",
      "integrity": "sha512-DpLh5EzMR2kzvX1KIlVC0VkC3iZtHKTgdtZ0a3pglBZdaQFjt5S9g9xd1lE+YvXyfd6mtCeRnrUfOLYiTMlNSw=="
    },
    "bluebird": {
      "version": "3.5.1",
      "resolved": "https://registry.npmjs.org/bluebird/-/bluebird-3.5.1.tgz",
      "integrity": "sha512-MKiLiV+I1AA596t9w1sQJ8jkiSr5+ZKi0WKrYGUn6d1Fx+Ij4tIj+m2WMQSGczs5jZVxV339chE8iwk6F64wjA=="
    },
    "body-parser": {
      "version": "1.18.2",
      "resolved": "https://registry.npmjs.org/body-parser/-/body-parser-1.18.2.tgz",
      "integrity": "sha1-h2eKGdhLR9hZuDGZvVm84iKxBFQ=",
      "requires": {
        "bytes": "3.0.0",
        "content-type": "1.0.4",
        "debug": "2.6.9",
        "depd": "1.1.1",
        "http-errors": "1.6.2",
        "iconv-lite": "0.4.19",
        "on-finished": "2.3.0",
        "qs": "6.5.1",
        "raw-body": "2.3.2",
        "type-is": "1.6.15"
      }
    },
    "bs58": {
      "version": "3.1.0",
      "resolved": "https://registry.npmjs.org/bs58/-/bs58-3.1.0.tgz",
      "integrity": "sha1-1MJjiL9IBMrHFBQbGUWqR+XrJI4=",
      "requires": {
        "base-x": "1.1.0"
      }
    },
    "buffer": {
      "version": "4.9.1",
      "resolved": "https://registry.npmjs.org/buffer/-/buffer-4.9.1.tgz",
      "integrity": "sha1-bRu2AbB6TvztlwlBMgkwJ8lbwpg=",
      "requires": {
        "base64-js": "1.2.1",
        "ieee754": "1.1.8",
        "isarray": "1.0.0"
      }
    },
    "buffer-equal-constant-time": {
      "version": "1.0.1",
      "resolved": "https://registry.npmjs.org/buffer-equal-constant-time/-/buffer-equal-constant-time-1.0.1.tgz",
      "integrity": "sha1-+OcRMvf/5uAaXJaXpMbz5I1cyBk="
    },
    "buffer-writer": {
      "version": "1.0.1",
      "resolved": "https://registry.npmjs.org/buffer-writer/-/buffer-writer-1.0.1.tgz",
      "integrity": "sha1-Iqk2kB4wKa/NdUfrRIfOtpejvwg="
    },
    "bytes": {
      "version": "3.0.0",
      "resolved": "https://registry.npmjs.org/bytes/-/bytes-3.0.0.tgz",
      "integrity": "sha1-0ygVQE1olpn4Wk6k+odV3ROpYEg="
    },
    "client-sessions": {
      "version": "0.8.0",
      "resolved": "https://registry.npmjs.org/client-sessions/-/client-sessions-0.8.0.tgz",
      "integrity": "sha1-p9jFVYrV1W8qGZ81M+tlS134k/0=",
      "requires": {
        "cookies": "0.7.1"
      }
    },
    "co": {
      "version": "4.6.0",
      "resolved": "https://registry.npmjs.org/co/-/co-4.6.0.tgz",
      "integrity": "sha1-bqa989hTrlTMuOR7+gvz+QMfsYQ="
    },
    "combined-stream": {
      "version": "1.0.5",
      "resolved": "https://registry.npmjs.org/combined-stream/-/combined-stream-1.0.5.tgz",
      "integrity": "sha1-k4NwpXtKUd6ix3wV1cX9+JUWQAk=",
      "requires": {
        "delayed-stream": "1.0.0"
      }
    },
    "component-emitter": {
      "version": "1.2.1",
      "resolved": "https://registry.npmjs.org/component-emitter/-/component-emitter-1.2.1.tgz",
      "integrity": "sha1-E3kY1teCg/ffemt8WmPhQOaUJeY="
    },
    "content-disposition": {
      "version": "0.5.2",
      "resolved": "https://registry.npmjs.org/content-disposition/-/content-disposition-0.5.2.tgz",
      "integrity": "sha1-DPaLud318r55YcOoUXjLhdunjLQ="
    },
    "content-type": {
      "version": "1.0.4",
      "resolved": "https://registry.npmjs.org/content-type/-/content-type-1.0.4.tgz",
      "integrity": "sha512-hIP3EEPs8tB9AT1L+NUqtwOAps4mk2Zob89MWXMHjHWg9milF/j4osnnQLXBCBFBk/tvIG/tUc9mOUJiPBhPXA=="
    },
    "cookie": {
      "version": "0.3.1",
      "resolved": "https://registry.npmjs.org/cookie/-/cookie-0.3.1.tgz",
      "integrity": "sha1-5+Ch+e9DtMi6klxcWpboBtFoc7s="
    },
    "cookie-signature": {
      "version": "1.0.6",
      "resolved": "https://registry.npmjs.org/cookie-signature/-/cookie-signature-1.0.6.tgz",
      "integrity": "sha1-4wOogrNCzD7oylE6eZmXNNqzriw="
    },
    "cookiejar": {
      "version": "2.1.1",
      "resolved": "https://registry.npmjs.org/cookiejar/-/cookiejar-2.1.1.tgz",
      "integrity": "sha1-Qa1XsbVVlR7BcUEqgZQrHoIA00o="
    },
    "cookies": {
      "version": "0.7.1",
      "resolved": "https://registry.npmjs.org/cookies/-/cookies-0.7.1.tgz",
      "integrity": "sha1-fIphX1SBxhq58WyDNzG8uPZjuZs=",
      "requires": {
        "depd": "1.1.1",
        "keygrip": "1.0.2"
      }
    },
    "core-util-is": {
      "version": "1.0.2",
      "resolved": "https://registry.npmjs.org/core-util-is/-/core-util-is-1.0.2.tgz",
      "integrity": "sha1-tf1UIgqivFq1eqtxQMlAdUUDwac="
    },
    "cors": {
      "version": "2.8.4",
      "resolved": "https://registry.npmjs.org/cors/-/cors-2.8.4.tgz",
      "integrity": "sha1-K9OB8usgECAQXNUOpZ2mMJBpRoY=",
      "requires": {
        "object-assign": "4.1.1",
        "vary": "1.1.2"
      }
    },
    "crypto-browserify": {
      "version": "1.0.9",
      "resolved": "https://registry.npmjs.org/crypto-browserify/-/crypto-browserify-1.0.9.tgz",
      "integrity": "sha1-zFRJaF37hesRyYKKzHy4erW7/MA="
    },
    "data-uri-to-buffer": {
      "version": "1.2.0",
      "resolved": "https://registry.npmjs.org/data-uri-to-buffer/-/data-uri-to-buffer-1.2.0.tgz",
      "integrity": "sha512-vKQ9DTQPN1FLYiiEEOQ6IBGFqvjCa5rSK3cWMy/Nespm5d/x3dGFT9UBZnkLxCwua/IXBi2TYnwTEpsOvhC4UQ=="
    },
    "debug": {
      "version": "2.6.9",
      "resolved": "https://registry.npmjs.org/debug/-/debug-2.6.9.tgz",
      "integrity": "sha512-bC7ElrdJaJnPbAP+1EotYvqZsb3ecl5wi6Bfi6BJTUcNowp6cvspg0jXznRTKDjm/E7AdgFBVeAPVMNcKGsHMA==",
      "requires": {
        "ms": "2.0.0"
      }
    },
    "deep-is": {
      "version": "0.1.3",
      "resolved": "https://registry.npmjs.org/deep-is/-/deep-is-0.1.3.tgz",
      "integrity": "sha1-s2nW+128E+7PUk+RsHD+7cNXzzQ="
    },
    "degenerator": {
      "version": "1.0.4",
      "resolved": "https://registry.npmjs.org/degenerator/-/degenerator-1.0.4.tgz",
      "integrity": "sha1-/PSQo37OJmRk2cxDGrmMWBnO0JU=",
      "requires": {
        "ast-types": "0.10.1",
        "escodegen": "1.9.0",
        "esprima": "3.1.3"
      }
    },
    "delayed-stream": {
      "version": "1.0.0",
      "resolved": "https://registry.npmjs.org/delayed-stream/-/delayed-stream-1.0.0.tgz",
      "integrity": "sha1-3zrhmayt+31ECqrgsp4icrJOxhk="
    },
    "denque": {
      "version": "1.5.0",
      "resolved": "https://registry.npmjs.org/denque/-/denque-1.5.0.tgz",
      "integrity": "sha512-CYiCSgIF1p6EUByQPlGkKnP1M9g0ZV3qMIrqMqZqdwazygIA/YP2vrbcyl1h/WppKJTdl1F85cXIle+394iDAQ=="
    },
    "depd": {
      "version": "1.1.1",
      "resolved": "https://registry.npmjs.org/depd/-/depd-1.1.1.tgz",
      "integrity": "sha1-V4O04cRZ8G+lyif5kfPQbnoxA1k="
    },
    "destroy": {
      "version": "1.0.4",
      "resolved": "https://registry.npmjs.org/destroy/-/destroy-1.0.4.tgz",
      "integrity": "sha1-l4hXRCxEdJ5CBmE+N5RiBYJqvYA="
    },
    "dotenv": {
      "version": "4.0.0",
      "resolved": "https://registry.npmjs.org/dotenv/-/dotenv-4.0.0.tgz",
      "integrity": "sha1-hk7xN5rO1Vzm+V3r7NzhefegzR0="
    },
    "ecdsa-sig-formatter": {
      "version": "1.0.9",
      "resolved": "https://registry.npmjs.org/ecdsa-sig-formatter/-/ecdsa-sig-formatter-1.0.9.tgz",
      "integrity": "sha1-S8kmJ07Dtau1AW5+HWCSGsJisqE=",
      "requires": {
        "base64url": "2.0.0",
        "safe-buffer": "5.1.1"
      }
    },
    "ee-first": {
      "version": "1.1.1",
      "resolved": "https://registry.npmjs.org/ee-first/-/ee-first-1.1.1.tgz",
      "integrity": "sha1-WQxhFWsK4vTwJVcyoViyZrxWsh0="
    },
    "encodeurl": {
      "version": "1.0.1",
      "resolved": "https://registry.npmjs.org/encodeurl/-/encodeurl-1.0.1.tgz",
      "integrity": "sha1-eePVhlU0aQn+bw9Fpd5oEDspTSA="
    },
    "es6-promise": {
      "version": "4.1.1",
      "resolved": "https://registry.npmjs.org/es6-promise/-/es6-promise-4.1.1.tgz",
      "integrity": "sha512-OaU1hHjgJf+b0NzsxCg7NdIYERD6Hy/PEmFLTjw+b65scuisG3Kt4QoTvJ66BBkPZ581gr0kpoVzKnxniM8nng=="
    },
    "es6-promisify": {
      "version": "5.0.0",
      "resolved": "https://registry.npmjs.org/es6-promisify/-/es6-promisify-5.0.0.tgz",
      "integrity": "sha1-UQnWLz5W6pZ8S2NQWu8IKRyKUgM=",
      "requires": {
        "es6-promise": "4.1.1"
      }
    },
    "escape-html": {
      "version": "1.0.3",
      "resolved": "https://registry.npmjs.org/escape-html/-/escape-html-1.0.3.tgz",
      "integrity": "sha1-Aljq5NPQwJdN4cFpGI7wBR0dGYg="
    },
    "escodegen": {
      "version": "1.9.0",
      "resolved": "https://registry.npmjs.org/escodegen/-/escodegen-1.9.0.tgz",
      "integrity": "sha512-v0MYvNQ32bzwoG2OSFzWAkuahDQHK92JBN0pTAALJ4RIxEZe766QJPDR8Hqy7XNUy5K3fnVL76OqYAdc4TZEIw==",
      "requires": {
        "esprima": "3.1.3",
        "estraverse": "4.2.0",
        "esutils": "2.0.2",
        "optionator": "0.8.2",
        "source-map": "0.5.7"
      }
    },
    "esprima": {
      "version": "3.1.3",
      "resolved": "https://registry.npmjs.org/esprima/-/esprima-3.1.3.tgz",
      "integrity": "sha1-/cpRzuYTOJXjyI1TXOSdv/YqRjM="
    },
    "estraverse": {
      "version": "4.2.0",
      "resolved": "https://registry.npmjs.org/estraverse/-/estraverse-4.2.0.tgz",
      "integrity": "sha1-De4/7TH81GlhjOc0IJn8GvoL2xM="
    },
    "esutils": {
      "version": "2.0.2",
      "resolved": "https://registry.npmjs.org/esutils/-/esutils-2.0.2.tgz",
      "integrity": "sha1-Cr9PHKpbyx96nYrMbepPqqBLrJs="
    },
    "etag": {
      "version": "1.8.1",
      "resolved": "https://registry.npmjs.org/etag/-/etag-1.8.1.tgz",
      "integrity": "sha1-Qa4u62XvpiJorr/qg6x9eSmbCIc="
    },
    "events": {
      "version": "1.1.1",
      "resolved": "https://registry.npmjs.org/events/-/events-1.1.1.tgz",
      "integrity": "sha1-nr23Y1rQmccNzEwqH1AEKI6L2SQ="
    },
    "express": {
      "version": "4.16.2",
      "resolved": "https://registry.npmjs.org/express/-/express-4.16.2.tgz",
      "integrity": "sha1-41xt/i1kt9ygpc1PIXgb4ymeB2w=",
      "requires": {
        "accepts": "1.3.4",
        "array-flatten": "1.1.1",
        "body-parser": "1.18.2",
        "content-disposition": "0.5.2",
        "content-type": "1.0.4",
        "cookie": "0.3.1",
        "cookie-signature": "1.0.6",
        "debug": "2.6.9",
        "depd": "1.1.1",
        "encodeurl": "1.0.1",
        "escape-html": "1.0.3",
        "etag": "1.8.1",
        "finalhandler": "1.1.0",
        "fresh": "0.5.2",
        "merge-descriptors": "1.0.1",
        "methods": "1.1.2",
        "on-finished": "2.3.0",
        "parseurl": "1.3.2",
        "path-to-regexp": "0.1.7",
        "proxy-addr": "2.0.2",
        "qs": "6.5.1",
        "range-parser": "1.2.0",
        "safe-buffer": "5.1.1",
        "send": "0.16.1",
        "serve-static": "1.13.1",
        "setprototypeof": "1.1.0",
        "statuses": "1.3.1",
        "type-is": "1.6.15",
        "utils-merge": "1.0.1",
        "vary": "1.1.2"
      }
    },
    "express-validator": {
      "version": "4.2.1",
      "resolved": "https://registry.npmjs.org/express-validator/-/express-validator-4.2.1.tgz",
      "integrity": "sha512-c2oiv3THmHdbDYV8qSXWq/yB17Gt3KopsseRqxKsn3s5xUz0G0E1hSQXeUjgL2+H9OAAGb6JMgc1Y9+7LO5XHg==",
      "requires": {
        "@types/express": "4.0.39",
        "lodash": "4.17.4",
        "validator": "8.2.0"
      }
    },
    "extend": {
      "version": "3.0.1",
      "resolved": "https://registry.npmjs.org/extend/-/extend-3.0.1.tgz",
      "integrity": "sha1-p1Xqe8Gt/MWjHOfnYtuq3F5jZEQ="
    },
    "fast-levenshtein": {
      "version": "2.0.6",
      "resolved": "https://registry.npmjs.org/fast-levenshtein/-/fast-levenshtein-2.0.6.tgz",
      "integrity": "sha1-PYpcZog6FqMMqGQ+hR8Zuqd5eRc="
    },
    "file-uri-to-path": {
      "version": "1.0.0",
      "resolved": "https://registry.npmjs.org/file-uri-to-path/-/file-uri-to-path-1.0.0.tgz",
      "integrity": "sha512-0Zt+s3L7Vf1biwWZ29aARiVYLx7iMGnEUl9x33fbB/j3jR81u/O2LbqK+Bm1CDSNDKVtJ/YjwY7TUd5SkeLQLw=="
    },
    "finalhandler": {
      "version": "1.1.0",
      "resolved": "https://registry.npmjs.org/finalhandler/-/finalhandler-1.1.0.tgz",
      "integrity": "sha1-zgtoVbRYU+eRsvzGgARtiCU91/U=",
      "requires": {
        "debug": "2.6.9",
        "encodeurl": "1.0.1",
        "escape-html": "1.0.3",
        "on-finished": "2.3.0",
        "parseurl": "1.3.2",
        "statuses": "1.3.1",
        "unpipe": "1.0.0"
      }
    },
    "form-data": {
      "version": "2.3.1",
      "resolved": "https://registry.npmjs.org/form-data/-/form-data-2.3.1.tgz",
      "integrity": "sha1-b7lPvXGIUwbXPRXMSX/kzE7NRL8=",
      "requires": {
        "asynckit": "0.4.0",
        "combined-stream": "1.0.5",
        "mime-types": "2.1.17"
      }
    },
    "formidable": {
      "version": "1.1.1",
      "resolved": "https://registry.npmjs.org/formidable/-/formidable-1.1.1.tgz",
      "integrity": "sha1-lriIb3w8NQi5Mta9cMTTqI818ak="
    },
    "forwarded": {
      "version": "0.1.2",
      "resolved": "https://registry.npmjs.org/forwarded/-/forwarded-0.1.2.tgz",
      "integrity": "sha1-mMI9qxF1ZXuMBXPozszZGw/xjIQ="
    },
    "fresh": {
      "version": "0.5.2",
      "resolved": "https://registry.npmjs.org/fresh/-/fresh-0.5.2.tgz",
      "integrity": "sha1-PYyt2Q2XZWn6g1qx+OSyOhBWBac="
    },
    "ftp": {
      "version": "0.3.10",
      "resolved": "https://registry.npmjs.org/ftp/-/ftp-0.3.10.tgz",
      "integrity": "sha1-kZfYYa2BQvPmPVqDv+TFn3MwiF0=",
      "requires": {
        "readable-stream": "1.1.14",
        "xregexp": "2.0.0"
      },
      "dependencies": {
        "isarray": {
          "version": "0.0.1",
          "resolved": "https://registry.npmjs.org/isarray/-/isarray-0.0.1.tgz",
          "integrity": "sha1-ihis/Kmo9Bd+Cav8YDiTmwXR7t8="
        },
        "readable-stream": {
          "version": "1.1.14",
          "resolved": "https://registry.npmjs.org/readable-stream/-/readable-stream-1.1.14.tgz",
          "integrity": "sha1-fPTFTvZI44EwhMY23SB54WbAgdk=",
          "requires": {
            "core-util-is": "1.0.2",
            "inherits": "2.0.3",
            "isarray": "0.0.1",
            "string_decoder": "0.10.31"
          }
        },
        "string_decoder": {
          "version": "0.10.31",
          "resolved": "https://registry.npmjs.org/string_decoder/-/string_decoder-0.10.31.tgz",
          "integrity": "sha1-YuIDvEF2bGwoyfyEMB2rHFMQ+pQ="
        }
      }
    },
    "get-uri": {
      "version": "2.0.1",
      "resolved": "https://registry.npmjs.org/get-uri/-/get-uri-2.0.1.tgz",
      "integrity": "sha512-7aelVrYqCLuVjq2kEKRTH8fXPTC0xKTkM+G7UlFkEwCXY3sFbSxvY375JoFowOAYbkaU47SrBvOefUlLZZ+6QA==",
      "requires": {
        "data-uri-to-buffer": "1.2.0",
        "debug": "2.6.9",
        "extend": "3.0.1",
        "file-uri-to-path": "1.0.0",
        "ftp": "0.3.10",
        "readable-stream": "2.3.3"
      }
    },
    "http-errors": {
      "version": "1.6.2",
      "resolved": "https://registry.npmjs.org/http-errors/-/http-errors-1.6.2.tgz",
      "integrity": "sha1-CgAsyFcHGSp+eUbO7cERVfYOxzY=",
      "requires": {
        "depd": "1.1.1",
        "inherits": "2.0.3",
        "setprototypeof": "1.0.3",
        "statuses": "1.3.1"
      },
      "dependencies": {
        "setprototypeof": {
          "version": "1.0.3",
          "resolved": "https://registry.npmjs.org/setprototypeof/-/setprototypeof-1.0.3.tgz",
          "integrity": "sha1-ZlZ+NwQ+608E2RvWWMDL77VbjgQ="
        }
      }
    },
    "http-proxy-agent": {
      "version": "1.0.0",
      "resolved": "https://registry.npmjs.org/http-proxy-agent/-/http-proxy-agent-1.0.0.tgz",
      "integrity": "sha1-zBzjjkU7+YSg93AtLdWcc9CBKEo=",
      "requires": {
        "agent-base": "2.1.1",
        "debug": "2.6.9",
        "extend": "3.0.1"
      }
    },
    "https-proxy-agent": {
      "version": "1.0.0",
      "resolved": "https://registry.npmjs.org/https-proxy-agent/-/https-proxy-agent-1.0.0.tgz",
      "integrity": "sha1-NffabEjOTdv6JkiRrFk+5f+GceY=",
      "requires": {
        "agent-base": "2.1.1",
        "debug": "2.6.9",
        "extend": "3.0.1"
      }
    },
    "iconv-lite": {
      "version": "0.4.19",
      "resolved": "https://registry.npmjs.org/iconv-lite/-/iconv-lite-0.4.19.tgz",
      "integrity": "sha512-oTZqweIP51xaGPI4uPa56/Pri/480R+mo7SeU+YETByQNhDG55ycFyNLIgta9vXhILrxXDmF7ZGhqZIcuN0gJQ=="
    },
    "ieee754": {
      "version": "1.1.8",
      "resolved": "https://registry.npmjs.org/ieee754/-/ieee754-1.1.8.tgz",
      "integrity": "sha1-vjPUCsEO8ZJnAfbwii2G+/0a0+Q="
    },
    "inherits": {
      "version": "2.0.3",
      "resolved": "https://registry.npmjs.org/inherits/-/inherits-2.0.3.tgz",
      "integrity": "sha1-Yzwsg+PaQqUC9SRmAiSA9CCCYd4="
    },
    "integer": {
      "version": "1.0.3",
      "resolved": "https://registry.npmjs.org/integer/-/integer-1.0.3.tgz",
      "integrity": "sha512-yXyGHha2cDP6qyc9EMR9SsRVYhD7gvmXgVdLhKbyE8seHx0WVo11RRRU1p+sQearQMe1Ezfc8prWx5BnmSaVVA==",
      "requires": {
        "bindings": "1.3.0"
      }
    },
    "ip": {
      "version": "1.1.5",
      "resolved": "https://registry.npmjs.org/ip/-/ip-1.1.5.tgz",
      "integrity": "sha1-vd7XARQpCCjAoDnnLvJfWq7ENUo="
    },
    "ipaddr.js": {
      "version": "1.5.2",
      "resolved": "https://registry.npmjs.org/ipaddr.js/-/ipaddr.js-1.5.2.tgz",
      "integrity": "sha1-1LUFvemUaYfM8PxY2QEP+WB+P6A="
    },
    "isarray": {
      "version": "1.0.0",
      "resolved": "https://registry.npmjs.org/isarray/-/isarray-1.0.0.tgz",
      "integrity": "sha1-u5NdSFgsuhaMBoNJV6VKPgcSTxE="
    },
    "jmespath": {
      "version": "0.15.0",
      "resolved": "https://registry.npmjs.org/jmespath/-/jmespath-0.15.0.tgz",
      "integrity": "sha1-o/Iiqarp+Wb10nx5ZRDigJF2Qhc="
    },
    "js-string-escape": {
      "version": "1.0.1",
      "resolved": "https://registry.npmjs.org/js-string-escape/-/js-string-escape-1.0.1.tgz",
      "integrity": "sha1-4mJbrbwNZ8dTPp7cEGjFh65BN+8="
    },
    "json-bigint": {
      "version": "0.2.3",
      "resolved": "https://registry.npmjs.org/json-bigint/-/json-bigint-0.2.3.tgz",
      "integrity": "sha1-EY1/b/HThlnxn5TPc+ZKdaP5iKg=",
      "requires": {
        "bignumber.js": "4.1.0"
      }
    },
    "jsonwebtoken": {
      "version": "8.1.0",
      "resolved": "https://registry.npmjs.org/jsonwebtoken/-/jsonwebtoken-8.1.0.tgz",
      "integrity": "sha1-xjl80uX9WD1lwAeoPce7eOaYK4M=",
      "requires": {
        "jws": "3.1.4",
        "lodash.includes": "4.3.0",
        "lodash.isboolean": "3.0.3",
        "lodash.isinteger": "4.0.4",
        "lodash.isnumber": "3.0.3",
        "lodash.isplainobject": "4.0.6",
        "lodash.isstring": "4.0.1",
        "lodash.once": "4.1.1",
        "ms": "2.0.0",
        "xtend": "4.0.1"
      }
    },
    "jwa": {
      "version": "1.1.5",
      "resolved": "https://registry.npmjs.org/jwa/-/jwa-1.1.5.tgz",
      "integrity": "sha1-oFUs4CIHQs1S4VN3SjKQXDDnVuU=",
      "requires": {
        "base64url": "2.0.0",
        "buffer-equal-constant-time": "1.0.1",
        "ecdsa-sig-formatter": "1.0.9",
        "safe-buffer": "5.1.1"
      }
    },
    "jws": {
      "version": "3.1.4",
      "resolved": "https://registry.npmjs.org/jws/-/jws-3.1.4.tgz",
      "integrity": "sha1-+ei5M46KhHJ31kRLFGT2GIDgUKI=",
      "requires": {
        "base64url": "2.0.0",
        "jwa": "1.1.5",
        "safe-buffer": "5.1.1"
      }
    },
    "keygrip": {
      "version": "1.0.2",
      "resolved": "https://registry.npmjs.org/keygrip/-/keygrip-1.0.2.tgz",
      "integrity": "sha1-rTKXxVcGneqLz+ek+kkbdcXd65E="
    },
    "levn": {
      "version": "0.3.0",
      "resolved": "https://registry.npmjs.org/levn/-/levn-0.3.0.tgz",
      "integrity": "sha1-OwmSTt+fCDwEkP3UwLxEIeBHZO4=",
      "requires": {
        "prelude-ls": "1.1.2",
        "type-check": "0.3.2"
      }
    },
    "lodash": {
      "version": "4.17.4",
      "resolved": "https://registry.npmjs.org/lodash/-/lodash-4.17.4.tgz",
      "integrity": "sha1-eCA6TRwyiuHYbcpkYONptX9AVa4="
    },
    "lodash.includes": {
      "version": "4.3.0",
      "resolved": "https://registry.npmjs.org/lodash.includes/-/lodash.includes-4.3.0.tgz",
      "integrity": "sha1-YLuYqHy5I8aMoeUTJUgzFISfVT8="
    },
    "lodash.isboolean": {
      "version": "3.0.3",
      "resolved": "https://registry.npmjs.org/lodash.isboolean/-/lodash.isboolean-3.0.3.tgz",
      "integrity": "sha1-bC4XHbKiV82WgC/UOwGyDV9YcPY="
    },
    "lodash.isinteger": {
      "version": "4.0.4",
      "resolved": "https://registry.npmjs.org/lodash.isinteger/-/lodash.isinteger-4.0.4.tgz",
      "integrity": "sha1-YZwK89A/iwTDH1iChAt3sRzWg0M="
    },
    "lodash.isnumber": {
      "version": "3.0.3",
      "resolved": "https://registry.npmjs.org/lodash.isnumber/-/lodash.isnumber-3.0.3.tgz",
      "integrity": "sha1-POdoEMWSjQM1IwGsKHMX8RwLH/w="
    },
    "lodash.isplainobject": {
      "version": "4.0.6",
      "resolved": "https://registry.npmjs.org/lodash.isplainobject/-/lodash.isplainobject-4.0.6.tgz",
      "integrity": "sha1-fFJqUtibRcRcxpC4gWO+BJf1UMs="
    },
    "lodash.isstring": {
      "version": "4.0.1",
      "resolved": "https://registry.npmjs.org/lodash.isstring/-/lodash.isstring-4.0.1.tgz",
      "integrity": "sha1-1SfftUVuynzJu5XV2ur4i6VKVFE="
    },
    "lodash.once": {
      "version": "4.1.1",
      "resolved": "https://registry.npmjs.org/lodash.once/-/lodash.once-4.1.1.tgz",
      "integrity": "sha1-DdOXEhPHxW34gJd9UEyI+0cal6w="
    },
    "lru-cache": {
      "version": "2.6.5",
      "resolved": "https://registry.npmjs.org/lru-cache/-/lru-cache-2.6.5.tgz",
      "integrity": "sha1-5W1jVBSO3o13B7WNFDIg/QjfD9U="
    },
    "lzz-gyp": {
      "version": "0.4.2",
      "resolved": "https://registry.npmjs.org/lzz-gyp/-/lzz-gyp-0.4.2.tgz",
      "integrity": "sha1-SVxEA0ofUMSKYPDvnCjUJ2Olspc="
    },
    "media-typer": {
      "version": "0.3.0",
      "resolved": "https://registry.npmjs.org/media-typer/-/media-typer-0.3.0.tgz",
      "integrity": "sha1-hxDXrwqmJvj/+hzgAWhUUmMlV0g="
    },
    "merge-descriptors": {
      "version": "1.0.1",
      "resolved": "https://registry.npmjs.org/merge-descriptors/-/merge-descriptors-1.0.1.tgz",
      "integrity": "sha1-sAqqVW3YtEVoFQ7J0blT8/kMu2E="
    },
    "methods": {
      "version": "1.1.2",
      "resolved": "https://registry.npmjs.org/methods/-/methods-1.1.2.tgz",
      "integrity": "sha1-VSmk1nZUE07cxSZmVoNbD4Ua/O4="
    },
    "mime": {
      "version": "1.4.1",
      "resolved": "https://registry.npmjs.org/mime/-/mime-1.4.1.tgz",
      "integrity": "sha512-KI1+qOZu5DcW6wayYHSzR/tXKCDC5Om4s1z2QJjDULzLcmf3DvzS7oluY4HCTrc+9FiKmWUgeNLg7W3uIQvxtQ=="
    },
    "mime-db": {
      "version": "1.30.0",
      "resolved": "https://registry.npmjs.org/mime-db/-/mime-db-1.30.0.tgz",
      "integrity": "sha1-dMZD2i3Z1qRTmZY0ZbJtXKfXHwE="
    },
    "mime-types": {
      "version": "2.1.17",
      "resolved": "https://registry.npmjs.org/mime-types/-/mime-types-2.1.17.tgz",
      "integrity": "sha1-Cdejk/A+mVp5+K+Fe3Cp4KsWVXo=",
      "requires": {
        "mime-db": "1.30.0"
      }
    },
    "ms": {
      "version": "2.0.0",
      "resolved": "https://registry.npmjs.org/ms/-/ms-2.0.0.tgz",
      "integrity": "sha1-VgiurfwAvmwpAd9fmGF4jeDVl8g="
    },
    "negotiator": {
      "version": "0.6.1",
      "resolved": "https://registry.npmjs.org/negotiator/-/negotiator-0.6.1.tgz",
      "integrity": "sha1-KzJxhOiZIQEXeyhWP7XnECrNDKk="
    },
    "netmask": {
      "version": "1.0.6",
      "resolved": "https://registry.npmjs.org/netmask/-/netmask-1.0.6.tgz",
      "integrity": "sha1-ICl+idhvb2QA8lDZ9Pa0wZRfzTU="
    },
    "node-mailjet": {
      "version": "3.2.1",
      "resolved": "https://registry.npmjs.org/node-mailjet/-/node-mailjet-3.2.1.tgz",
      "integrity": "sha512-n8fO6NFdrttg2Ct6s266Jw7gFazqkC7e0FESHbvRfvTqam0nAF2yVkKKu1eRTXrVsBjTYmdCZ++ykyVYEO/Sxg==",
      "requires": {
        "bluebird": "3.5.1",
        "json-bigint": "0.2.3",
        "qs": "6.5.1",
        "superagent": "3.8.2",
        "superagent-proxy": "1.0.2"
      }
    },
    "object-assign": {
      "version": "4.1.1",
      "resolved": "https://registry.npmjs.org/object-assign/-/object-assign-4.1.1.tgz",
      "integrity": "sha1-IQmtx5ZYh8/AXLvUQsrIv7s2CGM="
    },
    "on-finished": {
      "version": "2.3.0",
      "resolved": "https://registry.npmjs.org/on-finished/-/on-finished-2.3.0.tgz",
      "integrity": "sha1-IPEzZIGwg811M3mSoWlxqi2QaUc=",
      "requires": {
        "ee-first": "1.1.1"
      }
    },
    "optionator": {
      "version": "0.8.2",
      "resolved": "https://registry.npmjs.org/optionator/-/optionator-0.8.2.tgz",
      "integrity": "sha1-NkxeQJ0/TWMB1sC0wFu6UBgK62Q=",
      "requires": {
        "deep-is": "0.1.3",
        "fast-levenshtein": "2.0.6",
        "levn": "0.3.0",
        "prelude-ls": "1.1.2",
        "type-check": "0.3.2",
        "wordwrap": "1.0.0"
      }
    },
    "pac-proxy-agent": {
      "version": "2.0.0",
      "resolved": "https://registry.npmjs.org/pac-proxy-agent/-/pac-proxy-agent-2.0.0.tgz",
      "integrity": "sha512-t57UiJpi5mFLTvjheC1SNSwIhml3+ElNOj69iRrydtQXZJr8VIFYSDtyPi/3ZysA62kD2dmww6pDlzk0VaONZg==",
      "requires": {
        "agent-base": "2.1.1",
        "debug": "2.6.9",
        "get-uri": "2.0.1",
        "http-proxy-agent": "1.0.0",
        "https-proxy-agent": "1.0.0",
        "pac-resolver": "3.0.0",
        "raw-body": "2.3.2",
        "socks-proxy-agent": "3.0.1"
      },
      "dependencies": {
        "socks-proxy-agent": {
          "version": "3.0.1",
          "resolved": "https://registry.npmjs.org/socks-proxy-agent/-/socks-proxy-agent-3.0.1.tgz",
          "integrity": "sha512-ZwEDymm204mTzvdqyUqOdovVr2YRd2NYskrYrF2LXyZ9qDiMAoFESGK8CRphiO7rtbo2Y757k2Nia3x2hGtalA==",
          "requires": {
            "agent-base": "4.1.2",
            "socks": "1.1.10"
          },
          "dependencies": {
            "agent-base": {
              "version": "4.1.2",
              "resolved": "https://registry.npmjs.org/agent-base/-/agent-base-4.1.2.tgz",
              "integrity": "sha512-VE6QoEdaugY86BohRtfGmTDabxdU5sCKOkbcPA6PXKJsRzEi/7A3RCTxJal1ft/4qSfPht5/iQLhMh/wzSkkNw==",
              "requires": {
                "es6-promisify": "5.0.0"
              }
            }
          }
        }
      }
    },
    "pac-resolver": {
      "version": "3.0.0",
      "resolved": "https://registry.npmjs.org/pac-resolver/-/pac-resolver-3.0.0.tgz",
      "integrity": "sha512-tcc38bsjuE3XZ5+4vP96OfhOugrX+JcnpUbhfuc4LuXBLQhoTthOstZeoQJBDnQUDYzYmdImKsbz0xSl1/9qeA==",
      "requires": {
        "co": "4.6.0",
        "degenerator": "1.0.4",
        "ip": "1.1.5",
        "netmask": "1.0.6",
        "thunkify": "2.1.2"
      }
    },
    "packet-reader": {
      "version": "0.3.1",
      "resolved": "https://registry.npmjs.org/packet-reader/-/packet-reader-0.3.1.tgz",
      "integrity": "sha1-zWLmCvjX/qinBexP+ZCHHEaHHyc="
    },
    "parseurl": {
      "version": "1.3.2",
      "resolved": "https://registry.npmjs.org/parseurl/-/parseurl-1.3.2.tgz",
      "integrity": "sha1-/CidTtiZMRlGDBViUyYs3I3mW/M="
    },
    "passwordless": {
      "version": "1.1.2",
      "resolved": "https://registry.npmjs.org/passwordless/-/passwordless-1.1.2.tgz",
      "integrity": "sha1-Xel77KSa3EjthM9m9CJBS7C2TVg=",
      "requires": {
        "bs58": "3.1.0"
      }
    },
    "path-to-regexp": {
      "version": "0.1.7",
      "resolved": "https://registry.npmjs.org/path-to-regexp/-/path-to-regexp-0.1.7.tgz",
      "integrity": "sha1-32BBeABfUi8V60SQ5yR6G/qmf4w="
    },
    "pg": {
      "version": "7.3.0",
      "resolved": "https://registry.npmjs.org/pg/-/pg-7.3.0.tgz",
      "integrity": "sha1-J14nRm5UpkX2tKFvasrfa4Sa2Ds=",
      "requires": {
        "buffer-writer": "1.0.1",
        "js-string-escape": "1.0.1",
        "packet-reader": "0.3.1",
        "pg-connection-string": "0.1.3",
        "pg-pool": "2.0.3",
        "pg-types": "1.12.1",
        "pgpass": "1.0.2",
        "semver": "4.3.2"
      }
    },
    "pg-connection-string": {
      "version": "0.1.3",
      "resolved": "https://registry.npmjs.org/pg-connection-string/-/pg-connection-string-0.1.3.tgz",
      "integrity": "sha1-2hhHsglA5C7hSSvq9l1J2RskXfc="
    },
    "pg-pool": {
      "version": "2.0.3",
      "resolved": "https://registry.npmjs.org/pg-pool/-/pg-pool-2.0.3.tgz",
      "integrity": "sha1-wCIDLIlJ8xKk+R+2QJzgQHa+Mlc="
    },
    "pg-types": {
      "version": "1.12.1",
      "resolved": "https://registry.npmjs.org/pg-types/-/pg-types-1.12.1.tgz",
      "integrity": "sha1-1kCH45A7WP+q0nnnWVxSIIoUw9I=",
      "requires": {
        "postgres-array": "1.0.2",
        "postgres-bytea": "1.0.0",
        "postgres-date": "1.0.3",
        "postgres-interval": "1.1.1"
      }
    },
    "pgpass": {
      "version": "1.0.2",
      "resolved": "https://registry.npmjs.org/pgpass/-/pgpass-1.0.2.tgz",
      "integrity": "sha1-Knu0G2BltnkH6R2hsHwYR8h3swY=",
      "requires": {
        "split": "1.0.1"
      }
    },
    "postgres-array": {
      "version": "1.0.2",
      "resolved": "https://registry.npmjs.org/postgres-array/-/postgres-array-1.0.2.tgz",
      "integrity": "sha1-jgsy6wO/d6XAp4UeBEHBaaJWojg="
    },
    "postgres-bytea": {
      "version": "1.0.0",
      "resolved": "https://registry.npmjs.org/postgres-bytea/-/postgres-bytea-1.0.0.tgz",
      "integrity": "sha1-AntTPAqokOJtFy1Hz5zOzFIazTU="
    },
    "postgres-date": {
      "version": "1.0.3",
      "resolved": "https://registry.npmjs.org/postgres-date/-/postgres-date-1.0.3.tgz",
      "integrity": "sha1-4tiXAu/bJY/52c7g/pG9BpdSV6g="
    },
    "postgres-interval": {
      "version": "1.1.1",
      "resolved": "https://registry.npmjs.org/postgres-interval/-/postgres-interval-1.1.1.tgz",
      "integrity": "sha512-OkuCi9t/3CZmeQreutGgx/OVNv9MKHGIT5jH8KldQ4NLYXkvmT9nDVxEuCENlNwhlGPE374oA/xMqn05G49pHA==",
      "requires": {
        "xtend": "4.0.1"
      }
    },
    "prelude-ls": {
      "version": "1.1.2",
      "resolved": "https://registry.npmjs.org/prelude-ls/-/prelude-ls-1.1.2.tgz",
      "integrity": "sha1-IZMqVJ9eUv/ZqCf1cOBL5iqX2lQ="
    },
    "process-nextick-args": {
      "version": "1.0.7",
      "resolved": "https://registry.npmjs.org/process-nextick-args/-/process-nextick-args-1.0.7.tgz",
      "integrity": "sha1-FQ4gt1ZZCtP5EJPyWk8q2L/zC6M="
    },
    "proxy-addr": {
      "version": "2.0.2",
      "resolved": "https://registry.npmjs.org/proxy-addr/-/proxy-addr-2.0.2.tgz",
      "integrity": "sha1-ZXFQT0e7mI7IGAJT+F3X4UlSvew=",
      "requires": {
        "forwarded": "0.1.2",
        "ipaddr.js": "1.5.2"
      }
    },
    "proxy-agent": {
      "version": "2.1.0",
      "resolved": "https://registry.npmjs.org/proxy-agent/-/proxy-agent-2.1.0.tgz",
      "integrity": "sha512-I23qaUnXmU/ItpXWQcMj9wMcZQTXnJNI7nakSR+q95Iht8H0+w3dCgTJdfnOQqOCX1FZwKLSgurCyEt11LM6OA==",
      "requires": {
        "agent-base": "2.1.1",
        "debug": "2.6.9",
        "extend": "3.0.1",
        "http-proxy-agent": "1.0.0",
        "https-proxy-agent": "1.0.0",
        "lru-cache": "2.6.5",
        "pac-proxy-agent": "2.0.0",
        "socks-proxy-agent": "2.1.1"
      }
    },
    "qs": {
      "version": "6.5.1",
      "resolved": "https://registry.npmjs.org/qs/-/qs-6.5.1.tgz",
      "integrity": "sha512-eRzhrN1WSINYCDCbrz796z37LOe3m5tmW7RQf6oBntukAG1nmovJvhnwHHRMAfeoItc1m2Hk02WER2aQ/iqs+A=="
    },
    "querystring": {
      "version": "0.2.0",
      "resolved": "https://registry.npmjs.org/querystring/-/querystring-0.2.0.tgz",
      "integrity": "sha1-sgmEkgO7Jd+CDadW50cAWHhSFiA="
    },
    "range-parser": {
      "version": "1.2.0",
      "resolved": "https://registry.npmjs.org/range-parser/-/range-parser-1.2.0.tgz",
      "integrity": "sha1-9JvmtIeJTdxA3MlKMi9hEJLgDV4="
    },
    "raw-body": {
      "version": "2.3.2",
      "resolved": "https://registry.npmjs.org/raw-body/-/raw-body-2.3.2.tgz",
      "integrity": "sha1-vNYMd9Prk83gBQKVw/N5OJvIj4k=",
      "requires": {
        "bytes": "3.0.0",
        "http-errors": "1.6.2",
        "iconv-lite": "0.4.19",
        "unpipe": "1.0.0"
      }
    },
    "readable-stream": {
      "version": "2.3.3",
      "resolved": "https://registry.npmjs.org/readable-stream/-/readable-stream-2.3.3.tgz",
      "integrity": "sha512-m+qzzcn7KUxEmd1gMbchF+Y2eIUbieUaxkWtptyHywrX0rE8QEYqPC07Vuy4Wm32/xE16NcdBctb8S0Xe/5IeQ==",
      "requires": {
        "core-util-is": "1.0.2",
        "inherits": "2.0.3",
        "isarray": "1.0.0",
        "process-nextick-args": "1.0.7",
        "safe-buffer": "5.1.1",
        "string_decoder": "1.0.3",
        "util-deprecate": "1.0.2"
      }
    },
    "redis": {
      "version": "3.1.1",
      "resolved": "https://registry.npmjs.org/redis/-/redis-3.1.1.tgz",
      "integrity": "sha512-QhkKhOuzhogR1NDJfBD34TQJz2ZJwDhhIC6ZmvpftlmfYShHHQXjjNspAJ+Z2HH5NwSBVYBVganbiZ8bgFMHjg==",
      "requires": {
        "denque": "^1.5.0",
        "redis-commands": "^1.7.0",
        "redis-errors": "^1.2.0",
        "redis-parser": "^3.0.0"
      }
    },
    "redis-commands": {
      "version": "1.7.0",
      "resolved": "https://registry.npmjs.org/redis-commands/-/redis-commands-1.7.0.tgz",
      "integrity": "sha512-nJWqw3bTFy21hX/CPKHth6sfhZbdiHP6bTawSgQBlKOVRG7EZkfHbbHwQJnrE4vsQf0CMNE+3gJ4Fmm16vdVlQ=="
    },
    "redis-errors": {
      "version": "1.2.0",
      "resolved": "https://registry.npmjs.org/redis-errors/-/redis-errors-1.2.0.tgz",
      "integrity": "sha1-62LSrbFeTq9GEMBK/hUpOEJQq60="
    },
    "redis-parser": {
      "version": "3.0.0",
      "resolved": "https://registry.npmjs.org/redis-parser/-/redis-parser-3.0.0.tgz",
      "integrity": "sha1-tm2CjNyv5rS4pCin3vTGvKwxyLQ=",
      "requires": {
        "redis-errors": "^1.0.0"
      }
    },
    "safe-buffer": {
      "version": "5.1.1",
      "resolved": "https://registry.npmjs.org/safe-buffer/-/safe-buffer-5.1.1.tgz",
      "integrity": "sha512-kKvNJn6Mm93gAczWVJg7wH+wGYWNrDHdWvpUmHyEsgCtIwwo3bqPtV4tR5tuPaUhTOo/kvhVwd8XwwOllGYkbg=="
    },
    "sax": {
      "version": "1.2.1",
      "resolved": "https://registry.npmjs.org/sax/-/sax-1.2.1.tgz",
      "integrity": "sha1-e45lYZCyKOgaZq6nSEgNgozS03o="
    },
    "semver": {
      "version": "4.3.2",
      "resolved": "https://registry.npmjs.org/semver/-/semver-4.3.2.tgz",
      "integrity": "sha1-x6BxWKgL7dBSNVt3DYLWZA+AO+c="
    },
    "send": {
      "version": "0.16.1",
      "resolved": "https://registry.npmjs.org/send/-/send-0.16.1.tgz",
      "integrity": "sha512-ElCLJdJIKPk6ux/Hocwhk7NFHpI3pVm/IZOYWqUmoxcgeyM+MpxHHKhb8QmlJDX1pU6WrgaHBkVNm73Sv7uc2A==",
      "requires": {
        "debug": "2.6.9",
        "depd": "1.1.1",
        "destroy": "1.0.4",
        "encodeurl": "1.0.1",
        "escape-html": "1.0.3",
        "etag": "1.8.1",
        "fresh": "0.5.2",
        "http-errors": "1.6.2",
        "mime": "1.4.1",
        "ms": "2.0.0",
        "on-finished": "2.3.0",
        "range-parser": "1.2.0",
        "statuses": "1.3.1"
      }
    },
    "serve-static": {
      "version": "1.13.1",
      "resolved": "https://registry.npmjs.org/serve-static/-/serve-static-1.13.1.tgz",
      "integrity": "sha512-hSMUZrsPa/I09VYFJwa627JJkNs0NrfL1Uzuup+GqHfToR2KcsXFymXSV90hoyw3M+msjFuQly+YzIH/q0MGlQ==",
      "requires": {
        "encodeurl": "1.0.1",
        "escape-html": "1.0.3",
        "parseurl": "1.3.2",
        "send": "0.16.1"
      }
    },
    "setprototypeof": {
      "version": "1.1.0",
      "resolved": "https://registry.npmjs.org/setprototypeof/-/setprototypeof-1.1.0.tgz",
      "integrity": "sha512-BvE/TwpZX4FXExxOxZyRGQQv651MSwmWKZGqvmPcRIjDqWub67kTKuIMx43cZZrS/cBBzwBcNDWoFxt2XEFIpQ=="
    },
    "smart-buffer": {
      "version": "1.1.15",
      "resolved": "https://registry.npmjs.org/smart-buffer/-/smart-buffer-1.1.15.tgz",
      "integrity": "sha1-fxFLW2X6s+KjWqd1uxLw0cZJvxY="
    },
    "socks": {
      "version": "1.1.10",
      "resolved": "https://registry.npmjs.org/socks/-/socks-1.1.10.tgz",
      "integrity": "sha1-W4t/x8jzQcU+0FbpKbe/Tei6e1o=",
      "requires": {
        "ip": "1.1.5",
        "smart-buffer": "1.1.15"
      }
    },
    "socks-proxy-agent": {
      "version": "2.1.1",
      "resolved": "https://registry.npmjs.org/socks-proxy-agent/-/socks-proxy-agent-2.1.1.tgz",
      "integrity": "sha512-sFtmYqdUK5dAMh85H0LEVFUCO7OhJJe1/z2x/Z6mxp3s7/QPf1RkZmpZy+BpuU0bEjcV9npqKjq9Y3kwFUjnxw==",
      "requires": {
        "agent-base": "2.1.1",
        "extend": "3.0.1",
        "socks": "1.1.10"
      }
    },
    "source-map": {
      "version": "0.5.7",
      "resolved": "https://registry.npmjs.org/source-map/-/source-map-0.5.7.tgz",
      "integrity": "sha1-igOdLRAh0i0eoUyA2OpGi6LvP8w=",
      "optional": true
    },
    "split": {
      "version": "1.0.1",
      "resolved": "https://registry.npmjs.org/split/-/split-1.0.1.tgz",
      "integrity": "sha512-mTyOoPbrivtXnwnIxZRFYRrPNtEFKlpB2fvjSnCQUiAA6qAZzqwna5envK4uk6OIeP17CsdF3rSBGYVBsU0Tkg==",
      "requires": {
        "through": "2.3.8"
      }
    },
    "statuses": {
      "version": "1.3.1",
      "resolved": "https://registry.npmjs.org/statuses/-/statuses-1.3.1.tgz",
      "integrity": "sha1-+vUbnrdKrvOzrPStX2Gr8ky3uT4="
    },
    "string_decoder": {
      "version": "1.0.3",
      "resolved": "https://registry.npmjs.org/string_decoder/-/string_decoder-1.0.3.tgz",
      "integrity": "sha512-4AH6Z5fzNNBcH+6XDMfA/BTt87skxqJlO0lAh3Dker5zThcAxG6mKz+iGu308UKoPPQ8Dcqx/4JhujzltRa+hQ==",
      "requires": {
        "safe-buffer": "5.1.1"
      }
    },
    "superagent": {
      "version": "3.8.2",
      "resolved": "https://registry.npmjs.org/superagent/-/superagent-3.8.2.tgz",
      "integrity": "sha512-gVH4QfYHcY3P0f/BZzavLreHW3T1v7hG9B+hpMQotGQqurOvhv87GcMCd6LWySmBuf+BDR44TQd0aISjVHLeNQ==",
      "requires": {
        "component-emitter": "1.2.1",
        "cookiejar": "2.1.1",
        "debug": "3.1.0",
        "extend": "3.0.1",
        "form-data": "2.3.1",
        "formidable": "1.1.1",
        "methods": "1.1.2",
        "mime": "1.4.1",
        "qs": "6.5.1",
        "readable-stream": "2.3.3"
      },
      "dependencies": {
        "debug": {
          "version": "3.1.0",
          "resolved": "https://registry.npmjs.org/debug/-/debug-3.1.0.tgz",
          "integrity": "sha512-OX8XqP7/1a9cqkxYw2yXss15f26NKWBpDXQd0/uK/KPqdQhxbPa994hnzjcE2VqQpDslf55723cKPUOGSmMY3g==",
          "requires": {
            "ms": "2.0.0"
          }
        }
      }
    },
    "superagent-proxy": {
      "version": "1.0.2",
      "resolved": "https://registry.npmjs.org/superagent-proxy/-/superagent-proxy-1.0.2.tgz",
      "integrity": "sha1-ktNmBXj2GO1DqCz4yseZ/ik4ui0=",
      "requires": {
        "debug": "2.6.9",
        "proxy-agent": "2.1.0"
      }
    },
    "through": {
      "version": "2.3.8",
      "resolved": "https://registry.npmjs.org/through/-/through-2.3.8.tgz",
      "integrity": "sha1-DdTJ/6q8NXlgsbckEV1+Doai4fU="
    },
    "thunkify": {
      "version": "2.1.2",
      "resolved": "https://registry.npmjs.org/thunkify/-/thunkify-2.1.2.tgz",
      "integrity": "sha1-+qDp0jDFGsyVyhOjYawFyn4EVT0="
    },
    "type-check": {
      "version": "0.3.2",
      "resolved": "https://registry.npmjs.org/type-check/-/type-check-0.3.2.tgz",
      "integrity": "sha1-WITKtRLPHTVeP7eE8wgEsrUg23I=",
      "requires": {
        "prelude-ls": "1.1.2"
      }
    },
    "type-is": {
      "version": "1.6.15",
      "resolved": "https://registry.npmjs.org/type-is/-/type-is-1.6.15.tgz",
      "integrity": "sha1-yrEPtJCeRByChC6v4a1kbIGARBA=",
      "requires": {
        "media-typer": "0.3.0",
        "mime-types": "2.1.17"
      }
    },
    "unpipe": {
      "version": "1.0.0",
      "resolved": "https://registry.npmjs.org/unpipe/-/unpipe-1.0.0.tgz",
      "integrity": "sha1-sr9O6FFKrmFltIF4KdIbLvSZBOw="
    },
    "url": {
      "version": "0.10.3",
      "resolved": "https://registry.npmjs.org/url/-/url-0.10.3.tgz",
      "integrity": "sha1-Ah5NnHcF8hu/N9A861h2dAJ3TGQ=",
      "requires": {
        "punycode": "1.3.2",
        "querystring": "0.2.0"
      },
      "dependencies": {
        "punycode": {
          "version": "1.3.2",
          "resolved": "https://registry.npmjs.org/punycode/-/punycode-1.3.2.tgz",
          "integrity": "sha1-llOgNvt8HuQjQvIyXM7v6jkmxI0="
        }
      }
    },
    "util-deprecate": {
      "version": "1.0.2",
      "resolved": "https://registry.npmjs.org/util-deprecate/-/util-deprecate-1.0.2.tgz",
      "integrity": "sha1-RQ1Nyfpw3nMnYvvS1KKJgUGaDM8="
    },
    "utils-merge": {
      "version": "1.0.1",
      "resolved": "https://registry.npmjs.org/utils-merge/-/utils-merge-1.0.1.tgz",
      "integrity": "sha1-n5VxD1CiZ5R7LMwSR0HBAoQn5xM="
    },
    "uuid": {
      "version": "3.1.0",
      "resolved": "https://registry.npmjs.org/uuid/-/uuid-3.1.0.tgz",
      "integrity": "sha512-DIWtzUkw04M4k3bf1IcpS2tngXEL26YUD2M0tMDUpnUrz2hgzUBlD55a4FjdLGPvfHxS6uluGWvaVEqgBcVa+g=="
    },
    "validator": {
      "version": "8.2.0",
      "resolved": "https://registry.npmjs.org/validator/-/validator-8.2.0.tgz",
      "integrity": "sha512-Yw5wW34fSv5spzTXNkokD6S6/Oq92d8q/t14TqsS3fAiA1RYnxSFSIZ+CY3n6PGGRCq5HhJTSepQvFUS2QUDxA=="
    },
    "vary": {
      "version": "1.1.2",
      "resolved": "https://registry.npmjs.org/vary/-/vary-1.1.2.tgz",
      "integrity": "sha1-IpnwLG3tMNSllhsLn3RSShj2NPw="
    },
    "wordwrap": {
      "version": "1.0.0",
      "resolved": "https://registry.npmjs.org/wordwrap/-/wordwrap-1.0.0.tgz",
      "integrity": "sha1-J1hIEIkUVqQXHI0CJkQa3pDLyus="
    },
    "xml2js": {
      "version": "0.4.17",
      "resolved": "https://registry.npmjs.org/xml2js/-/xml2js-0.4.17.tgz",
      "integrity": "sha1-F76T6q4/O3eTWceVtBlwWogX6Gg=",
      "requires": {
        "sax": "1.2.1",
        "xmlbuilder": "4.2.1"
      }
    },
    "xmlbuilder": {
      "version": "4.2.1",
      "resolved": "https://registry.npmjs.org/xmlbuilder/-/xmlbuilder-4.2.1.tgz",
      "integrity": "sha1-qlijBBoGb5DqoWwvU4n/GfP0YaU=",
      "requires": {
        "lodash": "4.17.4"
      }
    },
    "xregexp": {
      "version": "2.0.0",
      "resolved": "https://registry.npmjs.org/xregexp/-/xregexp-2.0.0.tgz",
      "integrity": "sha1-UqY+VsoLhKfzpfPWGHLxJq16WUM="
    },
    "xtend": {
      "version": "4.0.1",
      "resolved": "https://registry.npmjs.org/xtend/-/xtend-4.0.1.tgz",
      "integrity": "sha1-pcbVMr5lbiPbgg77lDofBJmNY68="
    }
  }
}
